
Microsoft Visual Studio Solution File, Format Version 12.00
# Visual Studio Version 16
VisualStudioVersion = 16.0.30503.244
MinimumVisualStudioVersion = 10.0.40219.1
Project("{9A19103F-16F7-4668-BE54-9A1E7A4F7556}") = "law.m.aaron", "law.m.aaron\law.m.aaron.csproj", "{C8CDF4D4-739A-4347-9EB0-2382CBBF365B}"
EndProject
Global
	GlobalSection(SolutionConfigurationPlatforms) = preSolution
		Debug|Any CPU = Debug|Any CPU
		Release|Any CPU = Release|Any CPU
	EndGlobalSection
	GlobalSection(ProjectConfigurationPlatforms) = postSolution
		{C8CDF4D4-739A-4347-9EB0-2382CBBF365B}.Debug|Any CPU.ActiveCfg = Debug|Any CPU
		{C8CDF4D4-739A-4347-9EB0-2382CBBF365B}.Debug|Any CPU.Build.0 = Debug|Any CPU
		{C8CDF4D4-739A-4347-9EB0-2382CBBF365B}.Release|Any CPU.ActiveCfg = Release|Any CPU
		{C8CDF4D4-739A-4347-9EB0-2382CBBF365B}.Release|Any CPU.Build.0 = Release|Any CPU
	EndGlobalSection
	GlobalSection(SolutionProperties) = preSolution
		HideSolutionNode = FALSE
	EndGlobalSection
	GlobalSection(ExtensibilityGlobals) = postSolution
		SolutionGuid = {800FD9BE-6D8D-42B1-A129-AF7E704A7281}
	EndGlobalSection
EndGlobal
